
Microsoft Visual Studio Solution File, Format Version 12.00
Project("{FAE04EC0-301F-11D3-BF4B-00C04F79EFBC}") = "TestAdAuth", "TestAdAuth\TestAdAuth.csproj", "{C25B94B4-2EF5-4839-BB2C-0877EA3B08B2}"
EndProject
Project("{FAE04EC0-301F-11D3-BF4B-00C04F79EFBC}") = "TestAdApi", "TestAdApi\TestAdApi.csproj", "{54C14D11-9588-4C25-AA21-211BF990CA5F}"
EndProject
Project("{FAE04EC0-301F-11D3-BF4B-00C04F79EFBC}") = "Client", "Client\Client.csproj", "{27BDE450-A156-42AB-9EC8-B9194BA573C9}"
EndProject
Global
	GlobalSection(SolutionConfigurationPlatforms) = preSolution
		Debug|Any CPU = Debug|Any CPU
		Release|Any CPU = Release|Any CPU
	EndGlobalSection
	GlobalSection(ProjectConfigurationPlatforms) = postSolution
		{C25B94B4-2EF5-4839-BB2C-0877EA3B08B2}.Debug|Any CPU.ActiveCfg = Debug|Any CPU
		{C25B94B4-2EF5-4839-BB2C-0877EA3B08B2}.Debug|Any CPU.Build.0 = Debug|Any CPU
		{C25B94B4-2EF5-4839-BB2C-0877EA3B08B2}.Release|Any CPU.ActiveCfg = Release|Any CPU
		{C25B94B4-2EF5-4839-BB2C-0877EA3B08B2}.Release|Any CPU.Build.0 = Release|Any CPU
		{54C14D11-9588-4C25-AA21-211BF990CA5F}.Debug|Any CPU.ActiveCfg = Debug|Any CPU
		{54C14D11-9588-4C25-AA21-211BF990CA5F}.Debug|Any CPU.Build.0 = Debug|Any CPU
		{54C14D11-9588-4C25-AA21-211BF990CA5F}.Release|Any CPU.ActiveCfg = Release|Any CPU
		{54C14D11-9588-4C25-AA21-211BF990CA5F}.Release|Any CPU.Build.0 = Release|Any CPU
		{27BDE450-A156-42AB-9EC8-B9194BA573C9}.Debug|Any CPU.ActiveCfg = Debug|Any CPU
		{27BDE450-A156-42AB-9EC8-B9194BA573C9}.Debug|Any CPU.Build.0 = Debug|Any CPU
		{27BDE450-A156-42AB-9EC8-B9194BA573C9}.Release|Any CPU.ActiveCfg = Release|Any CPU
		{27BDE450-A156-42AB-9EC8-B9194BA573C9}.Release|Any CPU.Build.0 = Release|Any CPU
	EndGlobalSection
EndGlobal
